
Microsoft Visual Studio Solution File, Format Version 12.00
# Visual Studio 15
VisualStudioVersion = 15.0.28307.421
MinimumVisualStudioVersion = 10.0.40219.1
Project("{FAE04EC0-301F-11D3-BF4B-00C04F79EFBC}") = "Prog", "Prog\Prog.csproj", "{E3F80D7D-25F6-4B36-A0B9-B02EC6521475}"
EndProject
Global
	GlobalSection(SolutionConfigurationPlatforms) = preSolution
		Debug|Any CPU = Debug|Any CPU
		Release|Any CPU = Release|Any CPU
	EndGlobalSection
	GlobalSection(ProjectConfigurationPlatforms) = postSolution
		{E3F80D7D-25F6-4B36-A0B9-B02EC6521475}.Debug|Any CPU.ActiveCfg = Debug|Any CPU
		{E3F80D7D-25F6-4B36-A0B9-B02EC6521475}.Debug|Any CPU.Build.0 = Debug|Any CPU
		{E3F80D7D-25F6-4B36-A0B9-B02EC6521475}.Release|Any CPU.ActiveCfg = Release|Any CPU
		{E3F80D7D-25F6-4B36-A0B9-B02EC6521475}.Release|Any CPU.Build.0 = Release|Any CPU
	EndGlobalSection
	GlobalSection(SolutionProperties) = preSolution
		HideSolutionNode = FALSE
	EndGlobalSection
	GlobalSection(ExtensibilityGlobals) = postSolution
		SolutionGuid = {F9EBA922-1792-4349-9C50-1D0A79AAD5A1}
	EndGlobalSection
EndGlobal
